
Microsoft Visual Studio Solution File, Format Version 12.00
# Visual Studio Version 17
VisualStudioVersion = 17.7.34018.315
MinimumVisualStudioVersion = 10.0.40219.1
Project("{9A19103F-16F7-4668-BE54-9A1E7A4F7556}") = "CalendarCourseWork", "CalendarCourseWork\CalendarCourseWork.csproj", "{8870608C-A4F9-4B85-8053-54BC59647A6A}"
EndProject
Global
	GlobalSection(SolutionConfigurationPlatforms) = preSolution
		Debug|Any CPU = Debug|Any CPU
		Release|Any CPU = Release|Any CPU
	EndGlobalSection
	GlobalSection(ProjectConfigurationPlatforms) = postSolution
		{8870608C-A4F9-4B85-8053-54BC59647A6A}.Debug|Any CPU.ActiveCfg = Debug|Any CPU
		{8870608C-A4F9-4B85-8053-54BC59647A6A}.Debug|Any CPU.Build.0 = Debug|Any CPU
		{8870608C-A4F9-4B85-8053-54BC59647A6A}.Release|Any CPU.ActiveCfg = Release|Any CPU
		{8870608C-A4F9-4B85-8053-54BC59647A6A}.Release|Any CPU.Build.0 = Release|Any CPU
	EndGlobalSection
	GlobalSection(SolutionProperties) = preSolution
		HideSolutionNode = FALSE
	EndGlobalSection
	GlobalSection(ExtensibilityGlobals) = postSolution
		SolutionGuid = {8B70B9FB-B4BE-46A9-BCE3-45C9720680AF}
	EndGlobalSection
EndGlobal
